
Microsoft Visual Studio Solution File, Format Version 12.00
# Visual Studio Version 16
VisualStudioVersion = 16.0.30621.155
MinimumVisualStudioVersion = 10.0.40219.1
Project("{FAE04EC0-301F-11D3-BF4B-00C04F79EFBC}") = "Problem33", "Problem33\Problem33.csproj", "{5F5F83F5-6C0E-4DDA-A662-A52C03BB19A3}"
EndProject
Global
	GlobalSection(SolutionConfigurationPlatforms) = preSolution
		Debug|Any CPU = Debug|Any CPU
		Release|Any CPU = Release|Any CPU
	EndGlobalSection
	GlobalSection(ProjectConfigurationPlatforms) = postSolution
		{5F5F83F5-6C0E-4DDA-A662-A52C03BB19A3}.Debug|Any CPU.ActiveCfg = Debug|Any CPU
		{5F5F83F5-6C0E-4DDA-A662-A52C03BB19A3}.Debug|Any CPU.Build.0 = Debug|Any CPU
		{5F5F83F5-6C0E-4DDA-A662-A52C03BB19A3}.Release|Any CPU.ActiveCfg = Release|Any CPU
		{5F5F83F5-6C0E-4DDA-A662-A52C03BB19A3}.Release|Any CPU.Build.0 = Release|Any CPU
	EndGlobalSection
	GlobalSection(SolutionProperties) = preSolution
		HideSolutionNode = FALSE
	EndGlobalSection
	GlobalSection(ExtensibilityGlobals) = postSolution
		SolutionGuid = {E879896E-6C06-4261-93CD-24D5CE73687B}
	EndGlobalSection
EndGlobal
